// !$*UTF8*$!
{
	archiveVersion = 1;
	classes = {
	};
	objectVersion = 48;
	objects = {

/* Begin PBXBuildFile section */
		24C3559AF6400C0A24F2689F /* Pods_Readhub.framework in Frameworks */ = {isa = PBXBuildFile; fileRef = B2EBA17F7F74A843192B9309 /* Pods_Readhub.framework */; };
		9685F8FD1FFC889C00F07737 /* AppDelegate.swift in Sources */ = {isa = PBXBuildFile; fileRef = 9685F8FC1FFC889C00F07737 /* AppDelegate.swift */; };
		9685F8FF1FFC889C00F07737 /* ViewController.swift in Sources */ = {isa = PBXBuildFile; fileRef = 9685F8FE1FFC889C00F07737 /* ViewController.swift */; };
		9685F9021FFC889C00F07737 /* Main.storyboard in Resources */ = {isa = PBXBuildFile; fileRef = 9685F9001FFC889C00F07737 /* Main.storyboard */; };
		9685F9041FFC889C00F07737 /* Assets.xcassets in Resources */ = {isa = PBXBuildFile; fileRef = 9685F9031FFC889C00F07737 /* Assets.xcassets */; };
		9685F9071FFC889C00F07737 /* LaunchScreen.storyboard in Resources */ = {isa = PBXBuildFile; fileRef = 9685F9051FFC889C00F07737 /* LaunchScreen.storyboard */; };
/* End PBXBuildFile section */

/* Begin PBXFileReference section */
		10FEE147F88719C09056D5E7 /* Pods-Readhub.release.xcconfig */ = {isa = PBXFileReference; includeInIndex = 1; lastKnownFileType = text.xcconfig; name = "Pods-Readhub.release.xcconfig"; path = "Pods/Target Support Files/Pods-Readhub/Pods-Readhub.release.xcconfig"; sourceTree = "<group>"; };
		2701869B0F29F7E5AD16798E /* Pods-Readhub.debug.xcconfig */ = {isa = PBXFileReference; includeInIndex = 1; lastKnownFileType = text.xcconfig; name = "Pods-Readhub.debug.xcconfig"; path = "Pods/Target Support Files/Pods-Readhub/Pods-Readhub.debug.xcconfig"; sourceTree = "<group>"; };
		9685F8F91FFC889C00F07737 /* Readhub.app */ = {isa = PBXFileReference; explicitFileType = wrapper.application; includeInIndex = 0; path = Readhub.app; sourceTree = BUILT_PRODUCTS_DIR; };
		9685F8FC1FFC889C00F07737 /* AppDelegate.swift */ = {isa = PBXFileReference; lastKnownFileType = sourcecode.swift; path = AppDelegate.swift; sourceTree = "<group>"; };
		9685F8FE1FFC889C00F07737 /* ViewController.swift */ = {isa = PBXFileReference; lastKnownFileType = sourcecode.swift; path = ViewController.swift; sourceTree = "<group>"; };
		9685F9011FFC889C00F07737 /* Base */ = {isa = PBXFileReference; lastKnownFileType = file.storyboard; name = Base; path = Base.lproj/Main.storyboard; sourceTree = "<group>"; };
		9685F9031FFC889C00F07737 /* Assets.xcassets */ = {isa = PBXFileReference; lastKnownFileType = folder.assetcatalog; path = Assets.xcassets; sourceTree = "<group>"; };
		9685F9061FFC889C00F07737 /* Base */ = {isa = PBXFileReference; lastKnownFileType = file.storyboard; name = Base; path = Base.lproj/LaunchScreen.storyboard; sourceTree = "<group>"; };
		9685F9081FFC889C00F07737 /* Info.plist */ = {isa = PBXFileReference; lastKnownFileType = text.plist.xml; path = Info.plist; sourceTree = "<group>"; };
		B2EBA17F7F74A843192B9309 /* Pods_Readhub.framework */ = {isa = PBXFileReference; explicitFileType = wrapper.framework; includeInIndex = 0; path = Pods_Readhub.framework; sourceTree = BUILT_PRODUCTS_DIR; };
/* End PBXFileReference section */

/* Begin PBXFrameworksBuildPhase section */
		9685F8F61FFC889C00F07737 /* Frameworks */ = {
			isa = PBXFrameworksBuildPhase;
			buildActionMask = 2147483647;
			files = (
				24C3559AF6400C0A24F2689F /* Pods_Readhub.framework in Frameworks */,
			);
			runOnlyForDeploymentPostprocessing = 0;
		};
/* End PBXFrameworksBuildPhase section */

/* Begin PBXGroup section */
		4B58A566E265D00A7E3CF547 /* Frameworks */ = {
			isa = PBXGroup;
			children = (
				B2EBA17F7F74A843192B9309 /* Pods_Readhub.framework */,
			);
			name = Frameworks;
			sourceTree = "<group>";
		};
		9685F8F01FFC889C00F07737 = {
			isa = PBXGroup;
			children = (
				9685F8FB1FFC889C00F07737 /* Readhub */,
				9685F8FA1FFC889C00F07737 /* Products */,
				B1FE316ED475418B524DAB4A /* Pods */,
				4B58A566E265D00A7E3CF547 /* Frameworks */,
			);
			sourceTree = "<group>";
		};
		9685F8FA1FFC889C00F07737 /* Products */ = {
			isa = PBXGroup;
			children = (
				9685F8F91FFC889C00F07737 /* Readhub.app */,
			);
			name = Products;
			sourceTree = "<group>";
		};
		9685F8FB1FFC889C00F07737 /* Readhub */ = {
			isa = PBXGroup;
			children = (
				9685F8FC1FFC889C00F07737 /* AppDelegate.swift */,
				9685F8FE1FFC889C00F07737 /* ViewController.swift */,
				9685F9001FFC889C00F07737 /* Main.storyboard */,
				9685F9031FFC889C00F07737 /* Assets.xcassets */,
				9685F9051FFC889C00F07737 /* LaunchScreen.storyboard */,
				9685F9081FFC889C00F07737 /* Info.plist */,
			);
			path = Readhub;
			sourceTree = "<group>";
		};
		B1FE316ED475418B524DAB4A /* Pods */ = {
			isa = PBXGroup;
			children = (
				2701869B0F29F7E5AD16798E /* Pods-Readhub.debug.xcconfig */,
				10FEE147F88719C09056D5E7 /* Pods-Readhub.release.xcconfig */,
			);
			name = Pods;
			sourceTree = "<group>";
		};
/* End PBXGroup section */

/* Begin PBXNativeTarget section */
		9685F8F81FFC889C00F07737 /* Readhub */ = {
			isa = PBXNativeTarget;
			buildConfigurationList = 9685F90B1FFC889C00F07737 /* Build configuration list for PBXNativeTarget "Readhub" */;
			buildPhases = (
				53C7EEA335552B62C13831EE /* [CP] Check Pods Manifest.lock */,
				9685F8F51FFC889C00F07737 /* Sources */,
				9685F8F61FFC889C00F07737 /* Frameworks */,
				9685F8F71FFC889C00F07737 /* Resources */,
				D8D6F3186FC94D5A3E2EA096 /* [CP] Embed Pods Frameworks */,
				46FAF7A32A0BF67A22F266AB /* [CP] Copy Pods Resources */,
			);
			buildRules = (
			);
			dependencies = (
			);
			name = Readhub;
			productName = Readhub;
			productReference = 9685F8F91FFC889C00F07737 /* Readhub.app */;
			productType = "com.apple.product-type.application";
		};
/* End PBXNativeTarget section */

/* Begin PBXProject section */
		9685F8F11FFC889C00F07737 /* Project object */ = {
			isa = PBXProject;
			attributes = {
				LastSwiftUpdateCheck = 0920;
				LastUpgradeCheck = 0920;
				ORGANIZATIONNAME = kilolumen;
				TargetAttributes = {
					9685F8F81FFC889C00F07737 = {
						CreatedOnToolsVersion = 9.2;
						ProvisioningStyle = Automatic;
					};
				};
			};
			buildConfigurationList = 9685F8F41FFC889C00F07737 /* Build configuration list for PBXProject "Readhub" */;
			compatibilityVersion = "Xcode 8.0";
			developmentRegion = en;
			hasScannedForEncodings = 0;
			knownRegions = (
				en,
				Base,
			);
			mainGroup = 9685F8F01FFC889C00F07737;
			productRefGroup = 9685F8FA1FFC889C00F07737 /* Products */;
			projectDirPath = "";
			projectRoot = "";
			targets = (
				9685F8F81FFC889C00F07737 /* Readhub */,
			);
		};
/* End PBXProject section */

/* Begin PBXResourcesBuildPhase section */
		9685F8F71FFC889C00F07737 /* Resources */ = {
			isa = PBXResourcesBuildPhase;
			buildActionMask = 2147483647;
			files = (
				9685F9071FFC889C00F07737 /* LaunchScreen.storyboard in Resources */,
				9685F9041FFC889C00F07737 /* Assets.xcassets in Resources */,
				9685F9021FFC889C00F07737 /* Main.storyboard in Resources */,
			);
			runOnlyForDeploymentPostprocessing = 0;
		};
/* End PBXResourcesBuildPhase section */

/* Begin PBXShellScriptBuildPhase section */
		46FAF7A32A0BF67A22F266AB /* [CP] Copy Pods Resources */ = {
			isa = PBXShellScriptBuildPhase;
			buildActionMask = 2147483647;
			files = (
			);
			inputPaths = (
			);
			name = "[CP] Copy Pods Resources";
			outputPaths = (
			);
			runOnlyForDeploymentPostprocessing = 0;
			shellPath = /bin/sh;
			shellScript = "\"${SRCROOT}/Pods/Target Support Files/Pods-Readhub/Pods-Readhub-resources.sh\"\n";
			showEnvVarsInLog = 0;
		};
		53C7EEA335552B62C13831EE /* [CP] Check Pods Manifest.lock */ = {
			isa = PBXShellScriptBuildPhase;
			buildActionMask = 2147483647;
			files = (
			);
			inputPaths = (
				"${PODS_PODFILE_DIR_PATH}/Podfile.lock",
				"${PODS_ROOT}/Manifest.lock",
			);
			name = "[CP] Check Pods Manifest.lock";
			outputPaths = (
				"$(DERIVED_FILE_DIR)/Pods-Readhub-checkManifestLockResult.txt",
			);
			runOnlyForDeploymentPostprocessing = 0;
			shellPath = /bin/sh;
			shellScript = "diff \"${PODS_PODFILE_DIR_PATH}/Podfile.lock\" \"${PODS_ROOT}/Manifest.lock\" > /dev/null\nif [ $? != 0 ] ; then\n    # print error to STDERR\n    echo \"error: The sandbox is not in sync with the Podfile.lock. Run 'pod install' or update your CocoaPods installation.\" >&2\n    exit 1\nfi\n# This output is used by Xcode 'outputs' to avoid re-running this script phase.\necho \"SUCCESS\" > \"${SCRIPT_OUTPUT_FILE_0}\"\n";
			showEnvVarsInLog = 0;
		};
		D8D6F3186FC94D5A3E2EA096 /* [CP] Embed Pods Frameworks */ = {
			isa = PBXShellScriptBuildPhase;
			buildActionMask = 2147483647;
			files = (
			);
			inputPaths = (
				"${SRCROOT}/Pods/Target Support Files/Pods-Readhub/Pods-Readhub-frameworks.sh",
				"${BUILT_PRODUCTS_DIR}/Alamofire/Alamofire.framework",
				"${BUILT_PRODUCTS_DIR}/Alamofire-SwiftyJSON/Alamofire_SwiftyJSON.framework",
				"${BUILT_PRODUCTS_DIR}/Moya/Moya.framework",
				"${BUILT_PRODUCTS_DIR}/ObjectMapper/ObjectMapper.framework",
				"${BUILT_PRODUCTS_DIR}/Result/Result.framework",
				"${BUILT_PRODUCTS_DIR}/RxCocoa/RxCocoa.framework",
				"${BUILT_PRODUCTS_DIR}/RxSwift/RxSwift.framework",
				"${BUILT_PRODUCTS_DIR}/SnapKit/SnapKit.framework",
				"${BUILT_PRODUCTS_DIR}/SwiftyJSON/SwiftyJSON.framework",
			);
			name = "[CP] Embed Pods Frameworks";
			outputPaths = (
				"${TARGET_BUILD_DIR}/${FRAMEWORKS_FOLDER_PATH}/Alamofire.framework",
				"${TARGET_BUILD_DIR}/${FRAMEWORKS_FOLDER_PATH}/Alamofire_SwiftyJSON.framework",
				"${TARGET_BUILD_DIR}/${FRAMEWORKS_FOLDER_PATH}/Moya.framework",
				"${TARGET_BUILD_DIR}/${FRAMEWORKS_FOLDER_PATH}/ObjectMapper.framework",
				"${TARGET_BUILD_DIR}/${FRAMEWORKS_FOLDER_PATH}/Result.framework",
				"${TARGET_BUILD_DIR}/${FRAMEWORKS_FOLDER_PATH}/RxCocoa.framework",
				"${TARGET_BUILD_DIR}/${FRAMEWORKS_FOLDER_PATH}/RxSwift.framework",
				"${TARGET_BUILD_DIR}/${FRAMEWORKS_FOLDER_PATH}/SnapKit.framework",
				"${TARGET_BUILD_DIR}/${FRAMEWORKS_FOLDER_PATH}/SwiftyJSON.framework",
			);
			runOnlyForDeploymentPostprocessing = 0;
			shellPath = /bin/sh;
			shellScript = "\"${SRCROOT}/Pods/Target Support Files/Pods-Readhub/Pods-Readhub-frameworks.sh\"\n";
			showEnvVarsInLog = 0;
		};
/* End PBXShellScriptBuildPhase section */

/* Begin PBXSourcesBuildPhase section */
		9685F8F51FFC889C00F07737 /* Sources */ = {
			isa = PBXSourcesBuildPhase;
			buildActionMask = 2147483647;
			files = (
				9685F8FF1FFC889C00F07737 /* ViewController.swift in Sources */,
				9685F8FD1FFC889C00F07737 /* AppDelegate.swift in Sources */,
			);
			runOnlyForDeploymentPostprocessing = 0;
		};
/* End PBXSourcesBuildPhase section */

/* Begin PBXVariantGroup section */
		9685F9001FFC889C00F07737 /* Main.storyboard */ = {
			isa = PBXVariantGroup;
			children = (
				9685F9011FFC889C00F07737 /* Base */,
			);
			name = Main.storyboard;
			sourceTree = "<group>";
		};
		9685F9051FFC889C00F07737 /* LaunchScreen.storyboard */ = {
			isa = PBXVariantGroup;
			children = (
				9685F9061FFC889C00F07737 /* Base */,
			);
			name = LaunchScreen.storyboard;
			sourceTree = "<group>";
		};
/* End PBXVariantGroup section */

/* Begin XCBuildConfiguration section */
		9685F9091FFC889C00F07737 /* Debug */ = {
			isa = XCBuildConfiguration;
			buildSettings = {
				ALWAYS_SEARCH_USER_PATHS = NO;
				CLANG_ANALYZER_NONNULL = YES;
				CLANG_ANALYZER_NUMBER_OBJECT_CONVERSION = YES_AGGRESSIVE;
				CLANG_CXX_LANGUAGE_STANDARD = "gnu++14";
				CLANG_CXX_LIBRARY = "libc++";
				CLANG_ENABLE_MODULES = YES;
				CLANG_ENABLE_OBJC_ARC = YES;
				CLANG_WARN_BLOCK_CAPTURE_AUTORELEASING = YES;
				CLANG_WARN_BOOL_CONVERSION = YES;
				CLANG_WARN_COMMA = YES;
				CLANG_WARN_CONSTANT_CONVERSION = YES;
				CLANG_WARN_DIRECT_OBJC_ISA_USAGE = YES_ERROR;
				CLANG_WARN_DOCUMENTATION_COMMENTS = YES;
				CLANG_WARN_EMPTY_BODY = YES;
				CLANG_WARN_ENUM_CONVERSION = YES;
				CLANG_WARN_INFINITE_RECURSION = YES;
				CLANG_WARN_INT_CONVERSION = YES;
				CLANG_WARN_NON_LITERAL_NULL_CONVERSION = YES;
				CLANG_WARN_OBJC_LITERAL_CONVERSION = YES;
				CLANG_WARN_OBJC_ROOT_CLASS = YES_ERROR;
				CLANG_WARN_RANGE_LOOP_ANALYSIS = YES;
				CLANG_WARN_STRICT_PROTOTYPES = YES;
				CLANG_WARN_SUSPICIOUS_MOVE = YES;
				CLANG_WARN_UNGUARDED_AVAILABILITY = YES_AGGRESSIVE;
				CLANG_WARN_UNREACHABLE_CODE = YES;
				CLANG_WARN__DUPLICATE_METHOD_MATCH = YES;
				CODE_SIGN_IDENTITY = "iPhone Developer";
				COPY_PHASE_STRIP = NO;
				DEBUG_INFORMATION_FORMAT = dwarf;
				ENABLE_STRICT_OBJC_MSGSEND = YES;
				ENABLE_TESTABILITY = YES;
				GCC_C_LANGUAGE_STANDARD = gnu11;
				GCC_DYNAMIC_NO_PIC = NO;
				GCC_NO_COMMON_BLOCKS = YES;
				GCC_OPTIMIZATION_LEVEL = 0;
				GCC_PREPROCESSOR_DEFINITIONS = (
					"DEBUG=1",
					"$(inherited)",
				);
				GCC_WARN_64_TO_32_BIT_CONVERSION = YES;
				GCC_WARN_ABOUT_RETURN_TYPE = YES_ERROR;
				GCC_WARN_UNDECLARED_SELECTOR = YES;
				GCC_WARN_UNINITIALIZED_AUTOS = YES_AGGRESSIVE;
				GCC_WARN_UNUSED_FUNCTION = YES;
				GCC_WARN_UNUSED_VARIABLE = YES;
				IPHONEOS_DEPLOYMENT_TARGET = 11.2;
				MTL_ENABLE_DEBUG_INFO = YES;
				ONLY_ACTIVE_ARCH = YES;
				SDKROOT = iphoneos;
				SWIFT_ACTIVE_COMPILATION_CONDITIONS = DEBUG;
				SWIFT_OPTIMIZATION_LEVEL = "-Onone";
			};
			name = Debug;
		};
		9685F90A1FFC889C00F07737 /* Release */ = {
			isa = XCBuildConfiguration;
			buildSettings = {
				ALWAYS_SEARCH_USER_PATHS = NO;
				CLANG_ANALYZER_NONNULL = YES;
				CLANG_ANALYZER_NUMBER_OBJECT_CONVERSION = YES_AGGRESSIVE;
				CLANG_CXX_LANGUAGE_STANDARD = "gnu++14";
				CLANG_CXX_LIBRARY = "libc++";
				CLANG_ENABLE_MODULES = YES;
				CLANG_ENABLE_OBJC_ARC = YES;
				CLANG_WARN_BLOCK_CAPTURE_AUTORELEASING = YES;
				CLANG_WARN_BOOL_CONVERSION = YES;
				CLANG_WARN_COMMA = YES;
				CLANG_WARN_CONSTANT_CONVERSION = YES;
				CLANG_WARN_DIRECT_OBJC_ISA_USAGE = YES_ERROR;
				CLANG_WARN_DOCUMENTATION_COMMENTS = YES;
				CLANG_WARN_EMPTY_BODY = YES;
				CLANG_WARN_ENUM_CONVERSION = YES;
				CLANG_WARN_INFINITE_RECURSION = YES;
				CLANG_WARN_INT_CONVERSION = YES;
				CLANG_WARN_NON_LITERAL_NULL_CONVERSION = YES;
				CLANG_WARN_OBJC_LITERAL_CONVERSION = YES;
				CLANG_WARN_OBJC_ROOT_CLASS = YES_ERROR;
				CLANG_WARN_RANGE_LOOP_ANALYSIS = YES;
				CLANG_WARN_STRICT_PROTOTYPES = YES;
				CLANG_WARN_SUSPICIOUS_MOVE = YES;
				CLANG_WARN_UNGUARDED_AVAILABILITY = YES_AGGRESSIVE;
				CLANG_WARN_UNREACHABLE_CODE = YES;
				CLANG_WARN__DUPLICATE_METHOD_MATCH = YES;
				CODE_SIGN_IDENTITY = "iPhone Developer";
				COPY_PHASE_STRIP = NO;
				DEBUG_INFORMATION_FORMAT = "dwarf-with-dsym";
				ENABLE_NS_ASSERTIONS = NO;
				ENABLE_STRICT_OBJC_MSGSEND = YES;
				GCC_C_LANGUAGE_STANDARD = gnu11;
				GCC_NO_COMMON_BLOCKS = YES;
				GCC_WARN_64_TO_32_BIT_CONVERSION = YES;
				GCC_WARN_ABOUT_RETURN_TYPE = YES_ERROR;
				GCC_WARN_UNDECLARED_SELECTOR = YES;
				GCC_WARN_UNINITIALIZED_AUTOS = YES_AGGRESSIVE;
				GCC_WARN_UNUSED_FUNCTION = YES;
				GCC_WARN_UNUSED_VARIABLE = YES;
				IPHONEOS_DEPLOYMENT_TARGET = 11.2;
				MTL_ENABLE_DEBUG_INFO = NO;
				SDKROOT = iphoneos;
				SWIFT_OPTIMIZATION_LEVEL = "-Owholemodule";
				VALIDATE_PRODUCT = YES;
			};
			name = Release;
		};
		9685F90C1FFC889C00F07737 /* Debug */ = {
			isa = XCBuildConfiguration;
			baseConfigurationReference = 2701869B0F29F7E5AD16798E /* Pods-Readhub.debug.xcconfig */;
			buildSettings = {
				ASSETCATALOG_COMPILER_APPICON_NAME = AppIcon;
				CODE_SIGN_STYLE = Automatic;
				INFOPLIST_FILE = Readhub/Info.plist;
				IPHONEOS_DEPLOYMENT_TARGET = 9.0;
				LD_RUNPATH_SEARCH_PATHS = "$(inherited) @executable_path/Frameworks";
				PRODUCT_BUNDLE_IDENTIFIER = me.kilolumen.Readhub;
				PRODUCT_NAME = "$(TARGET_NAME)";
				SWIFT_VERSION = 4.0;
				TARGETED_DEVICE_FAMILY = "1,2";
			};
			name = Debug;
		};
		9685F90D1FFC889C00F07737 /* Release */ = {
			isa = XCBuildConfiguration;
			baseConfigurationReference = 10FEE147F88719C09056D5E7 /* Pods-Readhub.release.xcconfig */;
			buildSettings = {
				ASSETCATALOG_COMPILER_APPICON_NAME = AppIcon;
				CODE_SIGN_STYLE = Automatic;
				INFOPLIST_FILE = Readhub/Info.plist;
				IPHONEOS_DEPLOYMENT_TARGET = 9.0;
				LD_RUNPATH_SEARCH_PATHS = "$(inherited) @executable_path/Frameworks";
				PRODUCT_BUNDLE_IDENTIFIER = me.kilolumen.Readhub;
				PRODUCT_NAME = "$(TARGET_NAME)";
				SWIFT_VERSION = 4.0;
				TARGETED_DEVICE_FAMILY = "1,2";
			};
			name = Release;
		};
/* End XCBuildConfiguration section */

/* Begin XCConfigurationList section */
		9685F8F41FFC889C00F07737 /* Build configuration list for PBXProject "Readhub" */ = {
			isa = XCConfigurationList;
			buildConfigurations = (
				9685F9091FFC889C00F07737 /* Debug */,
				9685F90A1FFC889C00F07737 /* Release */,
			);
			defaultConfigurationIsVisible = 0;
			defaultConfigurationName = Release;
		};
		9685F90B1FFC889C00F07737 /* Build configuration list for PBXNativeTarget "Readhub" */ = {
			isa = XCConfigurationList;
			buildConfigurations = (
				9685F90C1FFC889C00F07737 /* Debug */,
				9685F90D1FFC889C00F07737 /* Release */,
			);
			defaultConfigurationIsVisible = 0;
			defaultConfigurationName = Release;
		};
/* End XCConfigurationList section */
	};
	rootObject = 9685F8F11FFC889C00F07737 /* Project object */;
}
